
Microsoft Visual Studio Solution File, Format Version 12.00
# Visual Studio 15
VisualStudioVersion = 15.0.28307.1022
MinimumVisualStudioVersion = 10.0.40219.1
Project("{FAE04EC0-301F-11D3-BF4B-00C04F79EFBC}") = "EnginDemirog1", "EnginDemirog1\EnginDemirog1.csproj", "{1F713093-03A9-41F8-8A37-0E975EE19CE3}"
EndProject
Project("{FAE04EC0-301F-11D3-BF4B-00C04F79EFBC}") = "DegerVeReferansTipler", "DegerVeReferansTipler\DegerVeReferansTipler.csproj", "{F532B3A6-35D5-4ABD-B395-68430547ABE8}"
EndProject
Global
	GlobalSection(SolutionConfigurationPlatforms) = preSolution
		Debug|Any CPU = Debug|Any CPU
		Release|Any CPU = Release|Any CPU
	EndGlobalSection
	GlobalSection(ProjectConfigurationPlatforms) = postSolution
		{1F713093-03A9-41F8-8A37-0E975EE19CE3}.Debug|Any CPU.ActiveCfg = Debug|Any CPU
		{1F713093-03A9-41F8-8A37-0E975EE19CE3}.Debug|Any CPU.Build.0 = Debug|Any CPU
		{1F713093-03A9-41F8-8A37-0E975EE19CE3}.Release|Any CPU.ActiveCfg = Release|Any CPU
		{1F713093-03A9-41F8-8A37-0E975EE19CE3}.Release|Any CPU.Build.0 = Release|Any CPU
		{F532B3A6-35D5-4ABD-B395-68430547ABE8}.Debug|Any CPU.ActiveCfg = Debug|Any CPU
		{F532B3A6-35D5-4ABD-B395-68430547ABE8}.Debug|Any CPU.Build.0 = Debug|Any CPU
		{F532B3A6-35D5-4ABD-B395-68430547ABE8}.Release|Any CPU.ActiveCfg = Release|Any CPU
		{F532B3A6-35D5-4ABD-B395-68430547ABE8}.Release|Any CPU.Build.0 = Release|Any CPU
	EndGlobalSection
	GlobalSection(SolutionProperties) = preSolution
		HideSolutionNode = FALSE
	EndGlobalSection
	GlobalSection(ExtensibilityGlobals) = postSolution
		SolutionGuid = {DAC4D354-7FF9-4B80-9CEC-5DAB4AD5B24A}
	EndGlobalSection
EndGlobal
